// !$*UTF8*$!
{
	archiveVersion = 1;
	classes = {
	};
	objectVersion = 56;
	objects = {

/* Begin PBXBuildFile section */
		9DB0A3B32B257DE10050E836 /* Swift_UI_CoreApp.swift in Sources */ = {isa = PBXBuildFile; fileRef = 9DB0A3B22B257DE10050E836 /* Swift_UI_CoreApp.swift */; };
		9DB0A3B52B257DE10050E836 /* ContentView.swift in Sources */ = {isa = PBXBuildFile; fileRef = 9DB0A3B42B257DE10050E836 /* ContentView.swift */; };
		9DB0A3B72B257DE30050E836 /* Assets.xcassets in Resources */ = {isa = PBXBuildFile; fileRef = 9DB0A3B62B257DE30050E836 /* Assets.xcassets */; };
		9DB0A3BA2B257DE30050E836 /* Preview Assets.xcassets in Resources */ = {isa = PBXBuildFile; fileRef = 9DB0A3B92B257DE30050E836 /* Preview Assets.xcassets */; };
		9DB0A3C42B257DE30050E836 /* Swift_UI_CoreTests.swift in Sources */ = {isa = PBXBuildFile; fileRef = 9DB0A3C32B257DE30050E836 /* Swift_UI_CoreTests.swift */; };
		9DB0A3CE2B257DE40050E836 /* Swift_UI_CoreUITests.swift in Sources */ = {isa = PBXBuildFile; fileRef = 9DB0A3CD2B257DE40050E836 /* Swift_UI_CoreUITests.swift */; };
		9DB0A3D02B257DE40050E836 /* Swift_UI_CoreUITestsLaunchTests.swift in Sources */ = {isa = PBXBuildFile; fileRef = 9DB0A3CF2B257DE40050E836 /* Swift_UI_CoreUITestsLaunchTests.swift */; };
		9DB1F9842B5D3BD1002B0E0C /* FrameworkDetail.swift in Sources */ = {isa = PBXBuildFile; fileRef = 9DB1F9832B5D3BD1002B0E0C /* FrameworkDetail.swift */; };
		9DB1F9862B5D5771002B0E0C /* AFButton.swift in Sources */ = {isa = PBXBuildFile; fileRef = 9DB1F9852B5D5771002B0E0C /* AFButton.swift */; };
		9DB1F98A2B5D5DE8002B0E0C /* FrameworkGridViewModel.swift in Sources */ = {isa = PBXBuildFile; fileRef = 9DB1F9892B5D5DE8002B0E0C /* FrameworkGridViewModel.swift */; };
		9DCC3F762B39FB70009A5581 /* FrameworkModel.swift in Sources */ = {isa = PBXBuildFile; fileRef = 9DCC3F752B39FB70009A5581 /* FrameworkModel.swift */; };
		9DCC3F782B39FE98009A5581 /* FrameworkGridView.swift in Sources */ = {isa = PBXBuildFile; fileRef = 9DCC3F772B39FE98009A5581 /* FrameworkGridView.swift */; };
		9DD7509D2B6E9C5A0025CCF6 /* FormPractice.swift in Sources */ = {isa = PBXBuildFile; fileRef = 9DD7509C2B6E9C5A0025CCF6 /* FormPractice.swift */; };
/* End PBXBuildFile section */

/* Begin PBXContainerItemProxy section */
		9DB0A3C02B257DE30050E836 /* PBXContainerItemProxy */ = {
			isa = PBXContainerItemProxy;
			containerPortal = 9DB0A3A72B257DE10050E836 /* Project object */;
			proxyType = 1;
			remoteGlobalIDString = 9DB0A3AE2B257DE10050E836;
			remoteInfo = "Swift UI_Core";
		};
		9DB0A3CA2B257DE40050E836 /* PBXContainerItemProxy */ = {
			isa = PBXContainerItemProxy;
			containerPortal = 9DB0A3A72B257DE10050E836 /* Project object */;
			proxyType = 1;
			remoteGlobalIDString = 9DB0A3AE2B257DE10050E836;
			remoteInfo = "Swift UI_Core";
		};
/* End PBXContainerItemProxy section */

/* Begin PBXFileReference section */
		9DB0A3AF2B257DE10050E836 /* Swift UI_Core.app */ = {isa = PBXFileReference; explicitFileType = wrapper.application; includeInIndex = 0; path = "Swift UI_Core.app"; sourceTree = BUILT_PRODUCTS_DIR; };
		9DB0A3B22B257DE10050E836 /* Swift_UI_CoreApp.swift */ = {isa = PBXFileReference; lastKnownFileType = sourcecode.swift; path = Swift_UI_CoreApp.swift; sourceTree = "<group>"; };
		9DB0A3B42B257DE10050E836 /* ContentView.swift */ = {isa = PBXFileReference; lastKnownFileType = sourcecode.swift; path = ContentView.swift; sourceTree = "<group>"; };
		9DB0A3B62B257DE30050E836 /* Assets.xcassets */ = {isa = PBXFileReference; lastKnownFileType = folder.assetcatalog; path = Assets.xcassets; sourceTree = "<group>"; };
		9DB0A3B92B257DE30050E836 /* Preview Assets.xcassets */ = {isa = PBXFileReference; lastKnownFileType = folder.assetcatalog; path = "Preview Assets.xcassets"; sourceTree = "<group>"; };
		9DB0A3BF2B257DE30050E836 /* Swift UI_CoreTests.xctest */ = {isa = PBXFileReference; explicitFileType = wrapper.cfbundle; includeInIndex = 0; path = "Swift UI_CoreTests.xctest"; sourceTree = BUILT_PRODUCTS_DIR; };
		9DB0A3C32B257DE30050E836 /* Swift_UI_CoreTests.swift */ = {isa = PBXFileReference; lastKnownFileType = sourcecode.swift; path = Swift_UI_CoreTests.swift; sourceTree = "<group>"; };
		9DB0A3C92B257DE40050E836 /* Swift UI_CoreUITests.xctest */ = {isa = PBXFileReference; explicitFileType = wrapper.cfbundle; includeInIndex = 0; path = "Swift UI_CoreUITests.xctest"; sourceTree = BUILT_PRODUCTS_DIR; };
		9DB0A3CD2B257DE40050E836 /* Swift_UI_CoreUITests.swift */ = {isa = PBXFileReference; lastKnownFileType = sourcecode.swift; path = Swift_UI_CoreUITests.swift; sourceTree = "<group>"; };
		9DB0A3CF2B257DE40050E836 /* Swift_UI_CoreUITestsLaunchTests.swift */ = {isa = PBXFileReference; lastKnownFileType = sourcecode.swift; path = Swift_UI_CoreUITestsLaunchTests.swift; sourceTree = "<group>"; };
		9DB1F9832B5D3BD1002B0E0C /* FrameworkDetail.swift */ = {isa = PBXFileReference; lastKnownFileType = sourcecode.swift; path = FrameworkDetail.swift; sourceTree = "<group>"; };
		9DB1F9852B5D5771002B0E0C /* AFButton.swift */ = {isa = PBXFileReference; lastKnownFileType = sourcecode.swift; path = AFButton.swift; sourceTree = "<group>"; };
		9DB1F9892B5D5DE8002B0E0C /* FrameworkGridViewModel.swift */ = {isa = PBXFileReference; lastKnownFileType = sourcecode.swift; path = FrameworkGridViewModel.swift; sourceTree = "<group>"; };
		9DCC3F752B39FB70009A5581 /* FrameworkModel.swift */ = {isa = PBXFileReference; lastKnownFileType = sourcecode.swift; path = FrameworkModel.swift; sourceTree = "<group>"; };
		9DCC3F772B39FE98009A5581 /* FrameworkGridView.swift */ = {isa = PBXFileReference; lastKnownFileType = sourcecode.swift; path = FrameworkGridView.swift; sourceTree = "<group>"; };
		9DD7509C2B6E9C5A0025CCF6 /* FormPractice.swift */ = {isa = PBXFileReference; lastKnownFileType = sourcecode.swift; path = FormPractice.swift; sourceTree = "<group>"; };
/* End PBXFileReference section */

/* Begin PBXFrameworksBuildPhase section */
		9DB0A3AC2B257DE10050E836 /* Frameworks */ = {
			isa = PBXFrameworksBuildPhase;
			buildActionMask = 2147483647;
			files = (
			);
			runOnlyForDeploymentPostprocessing = 0;
		};
		9DB0A3BC2B257DE30050E836 /* Frameworks */ = {
			isa = PBXFrameworksBuildPhase;
			buildActionMask = 2147483647;
			files = (
			);
			runOnlyForDeploymentPostprocessing = 0;
		};
		9DB0A3C62B257DE40050E836 /* Frameworks */ = {
			isa = PBXFrameworksBuildPhase;
			buildActionMask = 2147483647;
			files = (
			);
			runOnlyForDeploymentPostprocessing = 0;
		};
/* End PBXFrameworksBuildPhase section */

/* Begin PBXGroup section */
		9DB0A3A62B257DE10050E836 = {
			isa = PBXGroup;
			children = (
				9DB0A3B12B257DE10050E836 /* Swift UI_Core */,
				9DB0A3C22B257DE30050E836 /* Swift UI_CoreTests */,
				9DB0A3CC2B257DE40050E836 /* Swift UI_CoreUITests */,
				9DB0A3B02B257DE10050E836 /* Products */,
			);
			sourceTree = "<group>";
		};
		9DB0A3B02B257DE10050E836 /* Products */ = {
			isa = PBXGroup;
			children = (
				9DB0A3AF2B257DE10050E836 /* Swift UI_Core.app */,
				9DB0A3BF2B257DE30050E836 /* Swift UI_CoreTests.xctest */,
				9DB0A3C92B257DE40050E836 /* Swift UI_CoreUITests.xctest */,
			);
			name = Products;
			sourceTree = "<group>";
		};
		9DB0A3B12B257DE10050E836 /* Swift UI_Core */ = {
			isa = PBXGroup;
			children = (
				9DD7509B2B6E9C3F0025CCF6 /* Practice */,
				9DB0A3B22B257DE10050E836 /* Swift_UI_CoreApp.swift */,
				9DB0A3B42B257DE10050E836 /* ContentView.swift */,
				9DCC3F772B39FE98009A5581 /* FrameworkGridView.swift */,
				9DCC3F752B39FB70009A5581 /* FrameworkModel.swift */,
				9DB1F9832B5D3BD1002B0E0C /* FrameworkDetail.swift */,
				9DB0A3B82B257DE30050E836 /* Preview Content */,
				9DB0A3B62B257DE30050E836 /* Assets.xcassets */,
				9DB1F9852B5D5771002B0E0C /* AFButton.swift */,
				9DB1F9892B5D5DE8002B0E0C /* FrameworkGridViewModel.swift */,
			);
			path = "Swift UI_Core";
			sourceTree = "<group>";
		};
		9DB0A3B82B257DE30050E836 /* Preview Content */ = {
			isa = PBXGroup;
			children = (
				9DB0A3B92B257DE30050E836 /* Preview Assets.xcassets */,
			);
			path = "Preview Content";
			sourceTree = "<group>";
		};
		9DB0A3C22B257DE30050E836 /* Swift UI_CoreTests */ = {
			isa = PBXGroup;
			children = (
				9DB0A3C32B257DE30050E836 /* Swift_UI_CoreTests.swift */,
			);
			path = "Swift UI_CoreTests";
			sourceTree = "<group>";
		};
		9DB0A3CC2B257DE40050E836 /* Swift UI_CoreUITests */ = {
			isa = PBXGroup;
			children = (
				9DB0A3CD2B257DE40050E836 /* Swift_UI_CoreUITests.swift */,
				9DB0A3CF2B257DE40050E836 /* Swift_UI_CoreUITestsLaunchTests.swift */,
			);
			path = "Swift UI_CoreUITests";
			sourceTree = "<group>";
		};
		9DD7509B2B6E9C3F0025CCF6 /* Practice */ = {
			isa = PBXGroup;
			children = (
				9DD7509C2B6E9C5A0025CCF6 /* FormPractice.swift */,
			);
			path = Practice;
			sourceTree = "<group>";
		};
/* End PBXGroup section */

/* Begin PBXNativeTarget section */
		9DB0A3AE2B257DE10050E836 /* Swift UI_Core */ = {
			isa = PBXNativeTarget;
			buildConfigurationList = 9DB0A3D32B257DE40050E836 /* Build configuration list for PBXNativeTarget "Swift UI_Core" */;
			buildPhases = (
				9DB0A3AB2B257DE10050E836 /* Sources */,
				9DB0A3AC2B257DE10050E836 /* Frameworks */,
				9DB0A3AD2B257DE10050E836 /* Resources */,
			);
			buildRules = (
			);
			dependencies = (
			);
			name = "Swift UI_Core";
			productName = "Swift UI_Core";
			productReference = 9DB0A3AF2B257DE10050E836 /* Swift UI_Core.app */;
			productType = "com.apple.product-type.application";
		};
		9DB0A3BE2B257DE30050E836 /* Swift UI_CoreTests */ = {
			isa = PBXNativeTarget;
			buildConfigurationList = 9DB0A3D62B257DE40050E836 /* Build configuration list for PBXNativeTarget "Swift UI_CoreTests" */;
			buildPhases = (
				9DB0A3BB2B257DE30050E836 /* Sources */,
				9DB0A3BC2B257DE30050E836 /* Frameworks */,
				9DB0A3BD2B257DE30050E836 /* Resources */,
			);
			buildRules = (
			);
			dependencies = (
				9DB0A3C12B257DE30050E836 /* PBXTargetDependency */,
			);
			name = "Swift UI_CoreTests";
			productName = "Swift UI_CoreTests";
			productReference = 9DB0A3BF2B257DE30050E836 /* Swift UI_CoreTests.xctest */;
			productType = "com.apple.product-type.bundle.unit-test";
		};
		9DB0A3C82B257DE40050E836 /* Swift UI_CoreUITests */ = {
			isa = PBXNativeTarget;
			buildConfigurationList = 9DB0A3D92B257DE40050E836 /* Build configuration list for PBXNativeTarget "Swift UI_CoreUITests" */;
			buildPhases = (
				9DB0A3C52B257DE40050E836 /* Sources */,
				9DB0A3C62B257DE40050E836 /* Frameworks */,
				9DB0A3C72B257DE40050E836 /* Resources */,
			);
			buildRules = (
			);
			dependencies = (
				9DB0A3CB2B257DE40050E836 /* PBXTargetDependency */,
			);
			name = "Swift UI_CoreUITests";
			productName = "Swift UI_CoreUITests";
			productReference = 9DB0A3C92B257DE40050E836 /* Swift UI_CoreUITests.xctest */;
			productType = "com.apple.product-type.bundle.ui-testing";
		};
/* End PBXNativeTarget section */

/* Begin PBXProject section */
		9DB0A3A72B257DE10050E836 /* Project object */ = {
			isa = PBXProject;
			attributes = {
				BuildIndependentTargetsInParallel = 1;
				LastSwiftUpdateCheck = 1420;
				LastUpgradeCheck = 1420;
				TargetAttributes = {
					9DB0A3AE2B257DE10050E836 = {
						CreatedOnToolsVersion = 14.2;
					};
					9DB0A3BE2B257DE30050E836 = {
						CreatedOnToolsVersion = 14.2;
						TestTargetID = 9DB0A3AE2B257DE10050E836;
					};
					9DB0A3C82B257DE40050E836 = {
						CreatedOnToolsVersion = 14.2;
						TestTargetID = 9DB0A3AE2B257DE10050E836;
					};
				};
			};
			buildConfigurationList = 9DB0A3AA2B257DE10050E836 /* Build configuration list for PBXProject "Swift UI_Core" */;
			compatibilityVersion = "Xcode 14.0";
			developmentRegion = en;
			hasScannedForEncodings = 0;
			knownRegions = (
				en,
				Base,
			);
			mainGroup = 9DB0A3A62B257DE10050E836;
			productRefGroup = 9DB0A3B02B257DE10050E836 /* Products */;
			projectDirPath = "";
			projectRoot = "";
			targets = (
				9DB0A3AE2B257DE10050E836 /* Swift UI_Core */,
				9DB0A3BE2B257DE30050E836 /* Swift UI_CoreTests */,
				9DB0A3C82B257DE40050E836 /* Swift UI_CoreUITests */,
			);
		};
/* End PBXProject section */

/* Begin PBXResourcesBuildPhase section */
		9DB0A3AD2B257DE10050E836 /* Resources */ = {
			isa = PBXResourcesBuildPhase;
			buildActionMask = 2147483647;
			files = (
				9DB0A3BA2B257DE30050E836 /* Preview Assets.xcassets in Resources */,
				9DB0A3B72B257DE30050E836 /* Assets.xcassets in Resources */,
			);
			runOnlyForDeploymentPostprocessing = 0;
		};
		9DB0A3BD2B257DE30050E836 /* Resources */ = {
			isa = PBXResourcesBuildPhase;
			buildActionMask = 2147483647;
			files = (
			);
			runOnlyForDeploymentPostprocessing = 0;
		};
		9DB0A3C72B257DE40050E836 /* Resources */ = {
			isa = PBXResourcesBuildPhase;
			buildActionMask = 2147483647;
			files = (
			);
			runOnlyForDeploymentPostprocessing = 0;
		};
/* End PBXResourcesBuildPhase section */

/* Begin PBXSourcesBuildPhase section */
		9DB0A3AB2B257DE10050E836 /* Sources */ = {
			isa = PBXSourcesBuildPhase;
			buildActionMask = 2147483647;
			files = (
				9DB0A3B52B257DE10050E836 /* ContentView.swift in Sources */,
				9DCC3F782B39FE98009A5581 /* FrameworkGridView.swift in Sources */,
				9DB1F9842B5D3BD1002B0E0C /* FrameworkDetail.swift in Sources */,
				9DB0A3B32B257DE10050E836 /* Swift_UI_CoreApp.swift in Sources */,
				9DD7509D2B6E9C5A0025CCF6 /* FormPractice.swift in Sources */,
				9DB1F9862B5D5771002B0E0C /* AFButton.swift in Sources */,
				9DB1F98A2B5D5DE8002B0E0C /* FrameworkGridViewModel.swift in Sources */,
				9DCC3F762B39FB70009A5581 /* FrameworkModel.swift in Sources */,
			);
			runOnlyForDeploymentPostprocessing = 0;
		};
		9DB0A3BB2B257DE30050E836 /* Sources */ = {
			isa = PBXSourcesBuildPhase;
			buildActionMask = 2147483647;
			files = (
				9DB0A3C42B257DE30050E836 /* Swift_UI_CoreTests.swift in Sources */,
			);
			runOnlyForDeploymentPostprocessing = 0;
		};
		9DB0A3C52B257DE40050E836 /* Sources */ = {
			isa = PBXSourcesBuildPhase;
			buildActionMask = 2147483647;
			files = (
				9DB0A3CE2B257DE40050E836 /* Swift_UI_CoreUITests.swift in Sources */,
				9DB0A3D02B257DE40050E836 /* Swift_UI_CoreUITestsLaunchTests.swift in Sources */,
			);
			runOnlyForDeploymentPostprocessing = 0;
		};
/* End PBXSourcesBuildPhase section */

/* Begin PBXTargetDependency section */
		9DB0A3C12B257DE30050E836 /* PBXTargetDependency */ = {
			isa = PBXTargetDependency;
			target = 9DB0A3AE2B257DE10050E836 /* Swift UI_Core */;
			targetProxy = 9DB0A3C02B257DE30050E836 /* PBXContainerItemProxy */;
		};
		9DB0A3CB2B257DE40050E836 /* PBXTargetDependency */ = {
			isa = PBXTargetDependency;
			target = 9DB0A3AE2B257DE10050E836 /* Swift UI_Core */;
			targetProxy = 9DB0A3CA2B257DE40050E836 /* PBXContainerItemProxy */;
		};
/* End PBXTargetDependency section */

/* Begin XCBuildConfiguration section */
		9DB0A3D12B257DE40050E836 /* Debug */ = {
			isa = XCBuildConfiguration;
			buildSettings = {
				ALWAYS_SEARCH_USER_PATHS = NO;
				CLANG_ANALYZER_NONNULL = YES;
				CLANG_ANALYZER_NUMBER_OBJECT_CONVERSION = YES_AGGRESSIVE;
				CLANG_CXX_LANGUAGE_STANDARD = "gnu++20";
				CLANG_ENABLE_MODULES = YES;
				CLANG_ENABLE_OBJC_ARC = YES;
				CLANG_ENABLE_OBJC_WEAK = YES;
				CLANG_WARN_BLOCK_CAPTURE_AUTORELEASING = YES;
				CLANG_WARN_BOOL_CONVERSION = YES;
				CLANG_WARN_COMMA = YES;
				CLANG_WARN_CONSTANT_CONVERSION = YES;
				CLANG_WARN_DEPRECATED_OBJC_IMPLEMENTATIONS = YES;
				CLANG_WARN_DIRECT_OBJC_ISA_USAGE = YES_ERROR;
				CLANG_WARN_DOCUMENTATION_COMMENTS = YES;
				CLANG_WARN_EMPTY_BODY = YES;
				CLANG_WARN_ENUM_CONVERSION = YES;
				CLANG_WARN_INFINITE_RECURSION = YES;
				CLANG_WARN_INT_CONVERSION = YES;
				CLANG_WARN_NON_LITERAL_NULL_CONVERSION = YES;
				CLANG_WARN_OBJC_IMPLICIT_RETAIN_SELF = YES;
				CLANG_WARN_OBJC_LITERAL_CONVERSION = YES;
				CLANG_WARN_OBJC_ROOT_CLASS = YES_ERROR;
				CLANG_WARN_QUOTED_INCLUDE_IN_FRAMEWORK_HEADER = YES;
				CLANG_WARN_RANGE_LOOP_ANALYSIS = YES;
				CLANG_WARN_STRICT_PROTOTYPES = YES;
				CLANG_WARN_SUSPICIOUS_MOVE = YES;
				CLANG_WARN_UNGUARDED_AVAILABILITY = YES_AGGRESSIVE;
				CLANG_WARN_UNREACHABLE_CODE = YES;
				CLANG_WARN__DUPLICATE_METHOD_MATCH = YES;
				COPY_PHASE_STRIP = NO;
				DEBUG_INFORMATION_FORMAT = dwarf;
				ENABLE_STRICT_OBJC_MSGSEND = YES;
				ENABLE_TESTABILITY = YES;
				GCC_C_LANGUAGE_STANDARD = gnu11;
				GCC_DYNAMIC_NO_PIC = NO;
				GCC_NO_COMMON_BLOCKS = YES;
				GCC_OPTIMIZATION_LEVEL = 0;
				GCC_PREPROCESSOR_DEFINITIONS = (
					"DEBUG=1",
					"$(inherited)",
				);
				GCC_WARN_64_TO_32_BIT_CONVERSION = YES;
				GCC_WARN_ABOUT_RETURN_TYPE = YES_ERROR;
				GCC_WARN_UNDECLARED_SELECTOR = YES;
				GCC_WARN_UNINITIALIZED_AUTOS = YES_AGGRESSIVE;
				GCC_WARN_UNUSED_FUNCTION = YES;
				GCC_WARN_UNUSED_VARIABLE = YES;
				IPHONEOS_DEPLOYMENT_TARGET = 15.0;
				MTL_ENABLE_DEBUG_INFO = INCLUDE_SOURCE;
				MTL_FAST_MATH = YES;
				ONLY_ACTIVE_ARCH = YES;
				SDKROOT = iphoneos;
				SWIFT_ACTIVE_COMPILATION_CONDITIONS = DEBUG;
				SWIFT_OPTIMIZATION_LEVEL = "-Onone";
			};
			name = Debug;
		};
		9DB0A3D22B257DE40050E836 /* Release */ = {
			isa = XCBuildConfiguration;
			buildSettings = {
				ALWAYS_SEARCH_USER_PATHS = NO;
				CLANG_ANALYZER_NONNULL = YES;
				CLANG_ANALYZER_NUMBER_OBJECT_CONVERSION = YES_AGGRESSIVE;
				CLANG_CXX_LANGUAGE_STANDARD = "gnu++20";
				CLANG_ENABLE_MODULES = YES;
				CLANG_ENABLE_OBJC_ARC = YES;
				CLANG_ENABLE_OBJC_WEAK = YES;
				CLANG_WARN_BLOCK_CAPTURE_AUTORELEASING = YES;
				CLANG_WARN_BOOL_CONVERSION = YES;
				CLANG_WARN_COMMA = YES;
				CLANG_WARN_CONSTANT_CONVERSION = YES;
				CLANG_WARN_DEPRECATED_OBJC_IMPLEMENTATIONS = YES;
				CLANG_WARN_DIRECT_OBJC_ISA_USAGE = YES_ERROR;
				CLANG_WARN_DOCUMENTATION_COMMENTS = YES;
				CLANG_WARN_EMPTY_BODY = YES;
				CLANG_WARN_ENUM_CONVERSION = YES;
				CLANG_WARN_INFINITE_RECURSION = YES;
				CLANG_WARN_INT_CONVERSION = YES;
				CLANG_WARN_NON_LITERAL_NULL_CONVERSION = YES;
				CLANG_WARN_OBJC_IMPLICIT_RETAIN_SELF = YES;
				CLANG_WARN_OBJC_LITERAL_CONVERSION = YES;
				CLANG_WARN_OBJC_ROOT_CLASS = YES_ERROR;
				CLANG_WARN_QUOTED_INCLUDE_IN_FRAMEWORK_HEADER = YES;
				CLANG_WARN_RANGE_LOOP_ANALYSIS = YES;
				CLANG_WARN_STRICT_PROTOTYPES = YES;
				CLANG_WARN_SUSPICIOUS_MOVE = YES;
				CLANG_WARN_UNGUARDED_AVAILABILITY = YES_AGGRESSIVE;
				CLANG_WARN_UNREACHABLE_CODE = YES;
				CLANG_WARN__DUPLICATE_METHOD_MATCH = YES;
				COPY_PHASE_STRIP = NO;
				DEBUG_INFORMATION_FORMAT = "dwarf-with-dsym";
				ENABLE_NS_ASSERTIONS = NO;
				ENABLE_STRICT_OBJC_MSGSEND = YES;
				GCC_C_LANGUAGE_STANDARD = gnu11;
				GCC_NO_COMMON_BLOCKS = YES;
				GCC_WARN_64_TO_32_BIT_CONVERSION = YES;
				GCC_WARN_ABOUT_RETURN_TYPE = YES_ERROR;
				GCC_WARN_UNDECLARED_SELECTOR = YES;
				GCC_WARN_UNINITIALIZED_AUTOS = YES_AGGRESSIVE;
				GCC_WARN_UNUSED_FUNCTION = YES;
				GCC_WARN_UNUSED_VARIABLE = YES;
				IPHONEOS_DEPLOYMENT_TARGET = 15.0;
				MTL_ENABLE_DEBUG_INFO = NO;
				MTL_FAST_MATH = YES;
				SDKROOT = iphoneos;
				SWIFT_COMPILATION_MODE = wholemodule;
				SWIFT_OPTIMIZATION_LEVEL = "-O";
				VALIDATE_PRODUCT = YES;
			};
			name = Release;
		};
		9DB0A3D42B257DE40050E836 /* Debug */ = {
			isa = XCBuildConfiguration;
			buildSettings = {
				ASSETCATALOG_COMPILER_APPICON_NAME = AppIcon;
				ASSETCATALOG_COMPILER_GLOBAL_ACCENT_COLOR_NAME = AccentColor;
				CODE_SIGN_STYLE = Automatic;
				CURRENT_PROJECT_VERSION = 1;
				DEVELOPMENT_ASSET_PATHS = "\"Swift UI_Core/Preview Content\"";
				DEVELOPMENT_TEAM = PGD32YP8G8;
				ENABLE_PREVIEWS = YES;
				GENERATE_INFOPLIST_FILE = YES;
				INFOPLIST_KEY_UIApplicationSceneManifest_Generation = YES;
				INFOPLIST_KEY_UIApplicationSupportsIndirectInputEvents = YES;
				INFOPLIST_KEY_UILaunchScreen_Generation = YES;
				INFOPLIST_KEY_UISupportedInterfaceOrientations_iPad = "UIInterfaceOrientationPortrait UIInterfaceOrientationPortraitUpsideDown UIInterfaceOrientationLandscapeLeft UIInterfaceOrientationLandscapeRight";
				INFOPLIST_KEY_UISupportedInterfaceOrientations_iPhone = "UIInterfaceOrientationPortrait UIInterfaceOrientationLandscapeLeft UIInterfaceOrientationLandscapeRight";
				IPHONEOS_DEPLOYMENT_TARGET = 15.0;
				LD_RUNPATH_SEARCH_PATHS = (
					"$(inherited)",
					"@executable_path/Frameworks",
				);
				MARKETING_VERSION = 1.0;
				PRODUCT_BUNDLE_IDENTIFIER = "com.360.learn-bytes-code";
				PRODUCT_NAME = "$(TARGET_NAME)";
				SWIFT_EMIT_LOC_STRINGS = YES;
				SWIFT_VERSION = 5.0;
				TARGETED_DEVICE_FAMILY = "1,2";
			};
			name = Debug;
		};
		9DB0A3D52B257DE40050E836 /* Release */ = {
			isa = XCBuildConfiguration;
			buildSettings = {
				ASSETCATALOG_COMPILER_APPICON_NAME = AppIcon;
				ASSETCATALOG_COMPILER_GLOBAL_ACCENT_COLOR_NAME = AccentColor;
				CODE_SIGN_STYLE = Automatic;
				CURRENT_PROJECT_VERSION = 1;
				DEVELOPMENT_ASSET_PATHS = "\"Swift UI_Core/Preview Content\"";
				DEVELOPMENT_TEAM = VXY3W6WYGY;
				ENABLE_PREVIEWS = YES;
				GENERATE_INFOPLIST_FILE = YES;
				INFOPLIST_KEY_UIApplicationSceneManifest_Generation = YES;
				INFOPLIST_KEY_UIApplicationSupportsIndirectInputEvents = YES;
				INFOPLIST_KEY_UILaunchScreen_Generation = YES;
				INFOPLIST_KEY_UISupportedInterfaceOrientations_iPad = "UIInterfaceOrientationPortrait UIInterfaceOrientationPortraitUpsideDown UIInterfaceOrientationLandscapeLeft UIInterfaceOrientationLandscapeRight";
				INFOPLIST_KEY_UISupportedInterfaceOrientations_iPhone = "UIInterfaceOrientationPortrait UIInterfaceOrientationLandscapeLeft UIInterfaceOrientationLandscapeRight";
				IPHONEOS_DEPLOYMENT_TARGET = 15.0;
				LD_RUNPATH_SEARCH_PATHS = (
					"$(inherited)",
					"@executable_path/Frameworks",
				);
				MARKETING_VERSION = 1.0;
				PRODUCT_BUNDLE_IDENTIFIER = "com.360.learn-bytes-code";
				PRODUCT_NAME = "$(TARGET_NAME)";
				SWIFT_EMIT_LOC_STRINGS = YES;
				SWIFT_VERSION = 5.0;
				TARGETED_DEVICE_FAMILY = "1,2";
			};
			name = Release;
		};
		9DB0A3D72B257DE40050E836 /* Debug */ = {
			isa = XCBuildConfiguration;
			buildSettings = {
				ALWAYS_EMBED_SWIFT_STANDARD_LIBRARIES = YES;
				BUNDLE_LOADER = "$(TEST_HOST)";
				CODE_SIGN_STYLE = Automatic;
				CURRENT_PROJECT_VERSION = 1;
				DEVELOPMENT_TEAM = VXY3W6WYGY;
				GENERATE_INFOPLIST_FILE = YES;
				IPHONEOS_DEPLOYMENT_TARGET = 16.2;
				MARKETING_VERSION = 1.0;
				PRODUCT_BUNDLE_IDENTIFIER = "com.learn-code.Swift-UI-CoreTests";
				PRODUCT_NAME = "$(TARGET_NAME)";
				SWIFT_EMIT_LOC_STRINGS = NO;
				SWIFT_VERSION = 5.0;
				TARGETED_DEVICE_FAMILY = "1,2";
				TEST_HOST = "$(BUILT_PRODUCTS_DIR)/Swift UI_Core.app/$(BUNDLE_EXECUTABLE_FOLDER_PATH)/Swift UI_Core";
			};
			name = Debug;
		};
		9DB0A3D82B257DE40050E836 /* Release */ = {
			isa = XCBuildConfiguration;
			buildSettings = {
				ALWAYS_EMBED_SWIFT_STANDARD_LIBRARIES = YES;
				BUNDLE_LOADER = "$(TEST_HOST)";
				CODE_SIGN_STYLE = Automatic;
				CURRENT_PROJECT_VERSION = 1;
				DEVELOPMENT_TEAM = VXY3W6WYGY;
				GENERATE_INFOPLIST_FILE = YES;
				IPHONEOS_DEPLOYMENT_TARGET = 16.2;
				MARKETING_VERSION = 1.0;
				PRODUCT_BUNDLE_IDENTIFIER = "com.learn-code.Swift-UI-CoreTests";
				PRODUCT_NAME = "$(TARGET_NAME)";
				SWIFT_EMIT_LOC_STRINGS = NO;
				SWIFT_VERSION = 5.0;
				TARGETED_DEVICE_FAMILY = "1,2";
				TEST_HOST = "$(BUILT_PRODUCTS_DIR)/Swift UI_Core.app/$(BUNDLE_EXECUTABLE_FOLDER_PATH)/Swift UI_Core";
			};
			name = Release;
		};
		9DB0A3DA2B257DE40050E836 /* Debug */ = {
			isa = XCBuildConfiguration;
			buildSettings = {
				ALWAYS_EMBED_SWIFT_STANDARD_LIBRARIES = YES;
				CODE_SIGN_STYLE = Automatic;
				CURRENT_PROJECT_VERSION = 1;
				DEVELOPMENT_TEAM = VXY3W6WYGY;
				GENERATE_INFOPLIST_FILE = YES;
				MARKETING_VERSION = 1.0;
				PRODUCT_BUNDLE_IDENTIFIER = "com.learn-code.Swift-UI-CoreUITests";
				PRODUCT_NAME = "$(TARGET_NAME)";
				SWIFT_EMIT_LOC_STRINGS = NO;
				SWIFT_VERSION = 5.0;
				TARGETED_DEVICE_FAMILY = "1,2";
				TEST_TARGET_NAME = "Swift UI_Core";
			};
			name = Debug;
		};
		9DB0A3DB2B257DE40050E836 /* Release */ = {
			isa = XCBuildConfiguration;
			buildSettings = {
				ALWAYS_EMBED_SWIFT_STANDARD_LIBRARIES = YES;
				CODE_SIGN_STYLE = Automatic;
				CURRENT_PROJECT_VERSION = 1;
				DEVELOPMENT_TEAM = VXY3W6WYGY;
				GENERATE_INFOPLIST_FILE = YES;
				MARKETING_VERSION = 1.0;
				PRODUCT_BUNDLE_IDENTIFIER = "com.learn-code.Swift-UI-CoreUITests";
				PRODUCT_NAME = "$(TARGET_NAME)";
				SWIFT_EMIT_LOC_STRINGS = NO;
				SWIFT_VERSION = 5.0;
				TARGETED_DEVICE_FAMILY = "1,2";
				TEST_TARGET_NAME = "Swift UI_Core";
			};
			name = Release;
		};
/* End XCBuildConfiguration section */

/* Begin XCConfigurationList section */
		9DB0A3AA2B257DE10050E836 /* Build configuration list for PBXProject "Swift UI_Core" */ = {
			isa = XCConfigurationList;
			buildConfigurations = (
				9DB0A3D12B257DE40050E836 /* Debug */,
				9DB0A3D22B257DE40050E836 /* Release */,
			);
			defaultConfigurationIsVisible = 0;
			defaultConfigurationName = Release;
		};
		9DB0A3D32B257DE40050E836 /* Build configuration list for PBXNativeTarget "Swift UI_Core" */ = {
			isa = XCConfigurationList;
			buildConfigurations = (
				9DB0A3D42B257DE40050E836 /* Debug */,
				9DB0A3D52B257DE40050E836 /* Release */,
			);
			defaultConfigurationIsVisible = 0;
			defaultConfigurationName = Release;
		};
		9DB0A3D62B257DE40050E836 /* Build configuration list for PBXNativeTarget "Swift UI_CoreTests" */ = {
			isa = XCConfigurationList;
			buildConfigurations = (
				9DB0A3D72B257DE40050E836 /* Debug */,
				9DB0A3D82B257DE40050E836 /* Release */,
			);
			defaultConfigurationIsVisible = 0;
			defaultConfigurationName = Release;
		};
		9DB0A3D92B257DE40050E836 /* Build configuration list for PBXNativeTarget "Swift UI_CoreUITests" */ = {
			isa = XCConfigurationList;
			buildConfigurations = (
				9DB0A3DA2B257DE40050E836 /* Debug */,
				9DB0A3DB2B257DE40050E836 /* Release */,
			);
			defaultConfigurationIsVisible = 0;
			defaultConfigurationName = Release;
		};
/* End XCConfigurationList section */
	};
	rootObject = 9DB0A3A72B257DE10050E836 /* Project object */;
}
